
Microsoft Visual Studio Solution File, Format Version 12.00
# Visual Studio Version 16
VisualStudioVersion = 16.0.29911.84
MinimumVisualStudioVersion = 10.0.40219.1
Project("{9A19103F-16F7-4668-BE54-9A1E7A4F7556}") = "Techies.YourTurn", "Techies.YourTurn\Techies.YourTurn\Techies.YourTurn.csproj", "{178C2B41-DC55-4685-AE3E-FA188A010ED6}"
EndProject
Project("{FAE04EC0-301F-11D3-BF4B-00C04F79EFBC}") = "Techies.YourTurn.Android", "Techies.YourTurn\Techies.YourTurn.Android\Techies.YourTurn.Android.csproj", "{134119DF-23D2-4C21-A7FD-CAF33EC2D071}"
EndProject
Project("{FAE04EC0-301F-11D3-BF4B-00C04F79EFBC}") = "Techies.YourTurn.iOS", "Techies.YourTurn\Techies.YourTurn.iOS\Techies.YourTurn.iOS.csproj", "{269654B5-18AF-4105-B377-62597AF3BBD6}"
EndProject
Project("{FAE04EC0-301F-11D3-BF4B-00C04F79EFBC}") = "Techies.YourTurn.Api", "Techies.YourTurn.Api\Techies.YourTurn.Api.csproj", "{669E5E9F-B12E-4744-9D9A-676106DE0BB8}"
EndProject
Global
	GlobalSection(SolutionConfigurationPlatforms) = preSolution
		Ad-Hoc|Any CPU = Ad-Hoc|Any CPU
		Ad-Hoc|iPhone = Ad-Hoc|iPhone
		Ad-Hoc|iPhoneSimulator = Ad-Hoc|iPhoneSimulator
		AppStore|Any CPU = AppStore|Any CPU
		AppStore|iPhone = AppStore|iPhone
		AppStore|iPhoneSimulator = AppStore|iPhoneSimulator
		Debug|Any CPU = Debug|Any CPU
		Debug|iPhone = Debug|iPhone
		Debug|iPhoneSimulator = Debug|iPhoneSimulator
		Release|Any CPU = Release|Any CPU
		Release|iPhone = Release|iPhone
		Release|iPhoneSimulator = Release|iPhoneSimulator
	EndGlobalSection
	GlobalSection(ProjectConfigurationPlatforms) = postSolution
		{178C2B41-DC55-4685-AE3E-FA188A010ED6}.Ad-Hoc|Any CPU.ActiveCfg = Debug|Any CPU
		{178C2B41-DC55-4685-AE3E-FA188A010ED6}.Ad-Hoc|Any CPU.Build.0 = Debug|Any CPU
		{178C2B41-DC55-4685-AE3E-FA188A010ED6}.Ad-Hoc|iPhone.ActiveCfg = Debug|Any CPU
		{178C2B41-DC55-4685-AE3E-FA188A010ED6}.Ad-Hoc|iPhone.Build.0 = Debug|Any CPU
		{178C2B41-DC55-4685-AE3E-FA188A010ED6}.Ad-Hoc|iPhoneSimulator.ActiveCfg = Debug|Any CPU
		{178C2B41-DC55-4685-AE3E-FA188A010ED6}.Ad-Hoc|iPhoneSimulator.Build.0 = Debug|Any CPU
		{178C2B41-DC55-4685-AE3E-FA188A010ED6}.AppStore|Any CPU.ActiveCfg = Debug|Any CPU
		{178C2B41-DC55-4685-AE3E-FA188A010ED6}.AppStore|Any CPU.Build.0 = Debug|Any CPU
		{178C2B41-DC55-4685-AE3E-FA188A010ED6}.AppStore|iPhone.ActiveCfg = Debug|Any CPU
		{178C2B41-DC55-4685-AE3E-FA188A010ED6}.AppStore|iPhone.Build.0 = Debug|Any CPU
		{178C2B41-DC55-4685-AE3E-FA188A010ED6}.AppStore|iPhoneSimulator.ActiveCfg = Debug|Any CPU
		{178C2B41-DC55-4685-AE3E-FA188A010ED6}.AppStore|iPhoneSimulator.Build.0 = Debug|Any CPU
		{178C2B41-DC55-4685-AE3E-FA188A010ED6}.Debug|Any CPU.ActiveCfg = Debug|Any CPU
		{178C2B41-DC55-4685-AE3E-FA188A010ED6}.Debug|Any CPU.Build.0 = Debug|Any CPU
		{178C2B41-DC55-4685-AE3E-FA188A010ED6}.Debug|iPhone.ActiveCfg = Debug|Any CPU
		{178C2B41-DC55-4685-AE3E-FA188A010ED6}.Debug|iPhone.Build.0 = Debug|Any CPU
		{178C2B41-DC55-4685-AE3E-FA188A010ED6}.Debug|iPhoneSimulator.ActiveCfg = Debug|Any CPU
		{178C2B41-DC55-4685-AE3E-FA188A010ED6}.Debug|iPhoneSimulator.Build.0 = Debug|Any CPU
		{178C2B41-DC55-4685-AE3E-FA188A010ED6}.Release|Any CPU.ActiveCfg = Release|Any CPU
		{178C2B41-DC55-4685-AE3E-FA188A010ED6}.Release|Any CPU.Build.0 = Release|Any CPU
		{178C2B41-DC55-4685-AE3E-FA188A010ED6}.Release|iPhone.ActiveCfg = Release|Any CPU
		{178C2B41-DC55-4685-AE3E-FA188A010ED6}.Release|iPhone.Build.0 = Release|Any CPU
		{178C2B41-DC55-4685-AE3E-FA188A010ED6}.Release|iPhoneSimulator.ActiveCfg = Release|Any CPU
		{178C2B41-DC55-4685-AE3E-FA188A010ED6}.Release|iPhoneSimulator.Build.0 = Release|Any CPU
		{134119DF-23D2-4C21-A7FD-CAF33EC2D071}.Ad-Hoc|Any CPU.ActiveCfg = Release|Any CPU
		{134119DF-23D2-4C21-A7FD-CAF33EC2D071}.Ad-Hoc|Any CPU.Build.0 = Release|Any CPU
		{134119DF-23D2-4C21-A7FD-CAF33EC2D071}.Ad-Hoc|Any CPU.Deploy.0 = Release|Any CPU
		{134119DF-23D2-4C21-A7FD-CAF33EC2D071}.Ad-Hoc|iPhone.ActiveCfg = Release|Any CPU
		{134119DF-23D2-4C21-A7FD-CAF33EC2D071}.Ad-Hoc|iPhone.Build.0 = Release|Any CPU
		{134119DF-23D2-4C21-A7FD-CAF33EC2D071}.Ad-Hoc|iPhone.Deploy.0 = Release|Any CPU
		{134119DF-23D2-4C21-A7FD-CAF33EC2D071}.Ad-Hoc|iPhoneSimulator.ActiveCfg = Release|Any CPU
		{134119DF-23D2-4C21-A7FD-CAF33EC2D071}.Ad-Hoc|iPhoneSimulator.Build.0 = Release|Any CPU
		{134119DF-23D2-4C21-A7FD-CAF33EC2D071}.Ad-Hoc|iPhoneSimulator.Deploy.0 = Release|Any CPU
		{134119DF-23D2-4C21-A7FD-CAF33EC2D071}.AppStore|Any CPU.ActiveCfg = Release|Any CPU
		{134119DF-23D2-4C21-A7FD-CAF33EC2D071}.AppStore|Any CPU.Build.0 = Release|Any CPU
		{134119DF-23D2-4C21-A7FD-CAF33EC2D071}.AppStore|Any CPU.Deploy.0 = Release|Any CPU
		{134119DF-23D2-4C21-A7FD-CAF33EC2D071}.AppStore|iPhone.ActiveCfg = Release|Any CPU
		{134119DF-23D2-4C21-A7FD-CAF33EC2D071}.AppStore|iPhone.Build.0 = Release|Any CPU
		{134119DF-23D2-4C21-A7FD-CAF33EC2D071}.AppStore|iPhone.Deploy.0 = Release|Any CPU
		{134119DF-23D2-4C21-A7FD-CAF33EC2D071}.AppStore|iPhoneSimulator.ActiveCfg = Release|Any CPU
		{134119DF-23D2-4C21-A7FD-CAF33EC2D071}.AppStore|iPhoneSimulator.Build.0 = Release|Any CPU
		{134119DF-23D2-4C21-A7FD-CAF33EC2D071}.AppStore|iPhoneSimulator.Deploy.0 = Release|Any CPU
		{134119DF-23D2-4C21-A7FD-CAF33EC2D071}.Debug|Any CPU.ActiveCfg = Debug|Any CPU
		{134119DF-23D2-4C21-A7FD-CAF33EC2D071}.Debug|Any CPU.Build.0 = Debug|Any CPU
		{134119DF-23D2-4C21-A7FD-CAF33EC2D071}.Debug|Any CPU.Deploy.0 = Debug|Any CPU
		{134119DF-23D2-4C21-A7FD-CAF33EC2D071}.Debug|iPhone.ActiveCfg = Debug|Any CPU
		{134119DF-23D2-4C21-A7FD-CAF33EC2D071}.Debug|iPhone.Build.0 = Debug|Any CPU
		{134119DF-23D2-4C21-A7FD-CAF33EC2D071}.Debug|iPhone.Deploy.0 = Debug|Any CPU
		{134119DF-23D2-4C21-A7FD-CAF33EC2D071}.Debug|iPhoneSimulator.ActiveCfg = Debug|Any CPU
		{134119DF-23D2-4C21-A7FD-CAF33EC2D071}.Debug|iPhoneSimulator.Build.0 = Debug|Any CPU
		{134119DF-23D2-4C21-A7FD-CAF33EC2D071}.Debug|iPhoneSimulator.Deploy.0 = Debug|Any CPU
		{134119DF-23D2-4C21-A7FD-CAF33EC2D071}.Release|Any CPU.ActiveCfg = Release|Any CPU
		{134119DF-23D2-4C21-A7FD-CAF33EC2D071}.Release|Any CPU.Build.0 = Release|Any CPU
		{134119DF-23D2-4C21-A7FD-CAF33EC2D071}.Release|Any CPU.Deploy.0 = Release|Any CPU
		{134119DF-23D2-4C21-A7FD-CAF33EC2D071}.Release|iPhone.ActiveCfg = Release|Any CPU
		{134119DF-23D2-4C21-A7FD-CAF33EC2D071}.Release|iPhone.Build.0 = Release|Any CPU
		{134119DF-23D2-4C21-A7FD-CAF33EC2D071}.Release|iPhone.Deploy.0 = Release|Any CPU
		{134119DF-23D2-4C21-A7FD-CAF33EC2D071}.Release|iPhoneSimulator.ActiveCfg = Release|Any CPU
		{134119DF-23D2-4C21-A7FD-CAF33EC2D071}.Release|iPhoneSimulator.Build.0 = Release|Any CPU
		{134119DF-23D2-4C21-A7FD-CAF33EC2D071}.Release|iPhoneSimulator.Deploy.0 = Release|Any CPU
		{269654B5-18AF-4105-B377-62597AF3BBD6}.Ad-Hoc|Any CPU.ActiveCfg = Ad-Hoc|iPhone
		{269654B5-18AF-4105-B377-62597AF3BBD6}.Ad-Hoc|iPhone.ActiveCfg = Ad-Hoc|iPhone
		{269654B5-18AF-4105-B377-62597AF3BBD6}.Ad-Hoc|iPhone.Build.0 = Ad-Hoc|iPhone
		{269654B5-18AF-4105-B377-62597AF3BBD6}.Ad-Hoc|iPhoneSimulator.ActiveCfg = Ad-Hoc|iPhoneSimulator
		{269654B5-18AF-4105-B377-62597AF3BBD6}.Ad-Hoc|iPhoneSimulator.Build.0 = Ad-Hoc|iPhoneSimulator
		{269654B5-18AF-4105-B377-62597AF3BBD6}.AppStore|Any CPU.ActiveCfg = AppStore|iPhone
		{269654B5-18AF-4105-B377-62597AF3BBD6}.AppStore|iPhone.ActiveCfg = AppStore|iPhone
		{269654B5-18AF-4105-B377-62597AF3BBD6}.AppStore|iPhone.Build.0 = AppStore|iPhone
		{269654B5-18AF-4105-B377-62597AF3BBD6}.AppStore|iPhoneSimulator.ActiveCfg = AppStore|iPhoneSimulator
		{269654B5-18AF-4105-B377-62597AF3BBD6}.AppStore|iPhoneSimulator.Build.0 = AppStore|iPhoneSimulator
		{269654B5-18AF-4105-B377-62597AF3BBD6}.Debug|Any CPU.ActiveCfg = Debug|iPhone
		{269654B5-18AF-4105-B377-62597AF3BBD6}.Debug|iPhone.ActiveCfg = Debug|iPhone
		{269654B5-18AF-4105-B377-62597AF3BBD6}.Debug|iPhone.Build.0 = Debug|iPhone
		{269654B5-18AF-4105-B377-62597AF3BBD6}.Debug|iPhoneSimulator.ActiveCfg = Debug|iPhoneSimulator
		{269654B5-18AF-4105-B377-62597AF3BBD6}.Debug|iPhoneSimulator.Build.0 = Debug|iPhoneSimulator
		{269654B5-18AF-4105-B377-62597AF3BBD6}.Release|Any CPU.ActiveCfg = Release|iPhone
		{269654B5-18AF-4105-B377-62597AF3BBD6}.Release|iPhone.ActiveCfg = Release|iPhone
		{269654B5-18AF-4105-B377-62597AF3BBD6}.Release|iPhone.Build.0 = Release|iPhone
		{269654B5-18AF-4105-B377-62597AF3BBD6}.Release|iPhoneSimulator.ActiveCfg = Release|iPhoneSimulator
		{269654B5-18AF-4105-B377-62597AF3BBD6}.Release|iPhoneSimulator.Build.0 = Release|iPhoneSimulator
		{669E5E9F-B12E-4744-9D9A-676106DE0BB8}.Ad-Hoc|Any CPU.ActiveCfg = Debug|Any CPU
		{669E5E9F-B12E-4744-9D9A-676106DE0BB8}.Ad-Hoc|Any CPU.Build.0 = Debug|Any CPU
		{669E5E9F-B12E-4744-9D9A-676106DE0BB8}.Ad-Hoc|iPhone.ActiveCfg = Debug|Any CPU
		{669E5E9F-B12E-4744-9D9A-676106DE0BB8}.Ad-Hoc|iPhone.Build.0 = Debug|Any CPU
		{669E5E9F-B12E-4744-9D9A-676106DE0BB8}.Ad-Hoc|iPhoneSimulator.ActiveCfg = Debug|Any CPU
		{669E5E9F-B12E-4744-9D9A-676106DE0BB8}.Ad-Hoc|iPhoneSimulator.Build.0 = Debug|Any CPU
		{669E5E9F-B12E-4744-9D9A-676106DE0BB8}.AppStore|Any CPU.ActiveCfg = Debug|Any CPU
		{669E5E9F-B12E-4744-9D9A-676106DE0BB8}.AppStore|Any CPU.Build.0 = Debug|Any CPU
		{669E5E9F-B12E-4744-9D9A-676106DE0BB8}.AppStore|iPhone.ActiveCfg = Debug|Any CPU
		{669E5E9F-B12E-4744-9D9A-676106DE0BB8}.AppStore|iPhone.Build.0 = Debug|Any CPU
		{669E5E9F-B12E-4744-9D9A-676106DE0BB8}.AppStore|iPhoneSimulator.ActiveCfg = Debug|Any CPU
		{669E5E9F-B12E-4744-9D9A-676106DE0BB8}.AppStore|iPhoneSimulator.Build.0 = Debug|Any CPU
		{669E5E9F-B12E-4744-9D9A-676106DE0BB8}.Debug|Any CPU.ActiveCfg = Debug|Any CPU
		{669E5E9F-B12E-4744-9D9A-676106DE0BB8}.Debug|Any CPU.Build.0 = Debug|Any CPU
		{669E5E9F-B12E-4744-9D9A-676106DE0BB8}.Debug|iPhone.ActiveCfg = Debug|Any CPU
		{669E5E9F-B12E-4744-9D9A-676106DE0BB8}.Debug|iPhone.Build.0 = Debug|Any CPU
		{669E5E9F-B12E-4744-9D9A-676106DE0BB8}.Debug|iPhoneSimulator.ActiveCfg = Debug|Any CPU
		{669E5E9F-B12E-4744-9D9A-676106DE0BB8}.Debug|iPhoneSimulator.Build.0 = Debug|Any CPU
		{669E5E9F-B12E-4744-9D9A-676106DE0BB8}.Release|Any CPU.ActiveCfg = Release|Any CPU
		{669E5E9F-B12E-4744-9D9A-676106DE0BB8}.Release|Any CPU.Build.0 = Release|Any CPU
		{669E5E9F-B12E-4744-9D9A-676106DE0BB8}.Release|iPhone.ActiveCfg = Release|Any CPU
		{669E5E9F-B12E-4744-9D9A-676106DE0BB8}.Release|iPhone.Build.0 = Release|Any CPU
		{669E5E9F-B12E-4744-9D9A-676106DE0BB8}.Release|iPhoneSimulator.ActiveCfg = Release|Any CPU
		{669E5E9F-B12E-4744-9D9A-676106DE0BB8}.Release|iPhoneSimulator.Build.0 = Release|Any CPU
	EndGlobalSection
	GlobalSection(SolutionProperties) = preSolution
		HideSolutionNode = FALSE
	EndGlobalSection
	GlobalSection(ExtensibilityGlobals) = postSolution
		SolutionGuid = {AF3D52E9-C9D6-44A1-A47E-5428FA5ABB1C}
	EndGlobalSection
EndGlobal
